
Microsoft Visual Studio Solution File, Format Version 12.00
# Visual Studio 14
VisualStudioVersion = 14.0.25420.1
MinimumVisualStudioVersion = 10.0.40219.1
Project("{FAE04EC0-301F-11D3-BF4B-00C04F79EFBC}") = "FileDownloadSample", "FileDownloadSample\FileDownloadSample.csproj", "{8872EC3A-99B7-46B4-A891-B2A2012DA480}"
EndProject
Project("{FAE04EC0-301F-11D3-BF4B-00C04F79EFBC}") = "FileDownloadSampleWeb", "FileDownloadSampleWeb\FileDownloadSampleWeb.csproj", "{416C74AD-AE8B-41F3-824A-6805318DAD6F}"
EndProject
Global
	GlobalSection(SolutionConfigurationPlatforms) = preSolution
		Debug|Any CPU = Debug|Any CPU
		Release|Any CPU = Release|Any CPU
	EndGlobalSection
	GlobalSection(ProjectConfigurationPlatforms) = postSolution
		{8872EC3A-99B7-46B4-A891-B2A2012DA480}.Debug|Any CPU.ActiveCfg = Debug|Any CPU
		{8872EC3A-99B7-46B4-A891-B2A2012DA480}.Debug|Any CPU.Build.0 = Debug|Any CPU
		{8872EC3A-99B7-46B4-A891-B2A2012DA480}.Debug|Any CPU.Deploy.0 = Debug|Any CPU
		{8872EC3A-99B7-46B4-A891-B2A2012DA480}.Release|Any CPU.ActiveCfg = Release|Any CPU
		{8872EC3A-99B7-46B4-A891-B2A2012DA480}.Release|Any CPU.Build.0 = Release|Any CPU
		{8872EC3A-99B7-46B4-A891-B2A2012DA480}.Release|Any CPU.Deploy.0 = Release|Any CPU
		{416C74AD-AE8B-41F3-824A-6805318DAD6F}.Debug|Any CPU.ActiveCfg = Debug|Any CPU
		{416C74AD-AE8B-41F3-824A-6805318DAD6F}.Debug|Any CPU.Build.0 = Debug|Any CPU
		{416C74AD-AE8B-41F3-824A-6805318DAD6F}.Release|Any CPU.ActiveCfg = Release|Any CPU
		{416C74AD-AE8B-41F3-824A-6805318DAD6F}.Release|Any CPU.Build.0 = Release|Any CPU
	EndGlobalSection
	GlobalSection(SolutionProperties) = preSolution
		HideSolutionNode = FALSE
	EndGlobalSection
EndGlobal
